
Microsoft Visual Studio Solution File, Format Version 12.00
# Visual Studio 14
VisualStudioVersion = 14.0.25420.1
MinimumVisualStudioVersion = 10.0.40219.1
Project("{FAE04EC0-301F-11D3-BF4B-00C04F79EFBC}") = "Log4NetPOC", "Log4NetPOC\Log4NetPOC.csproj", "{7B507E94-85DD-4A28-AE32-7B14067BE3E8}"
EndProject
Project("{FAE04EC0-301F-11D3-BF4B-00C04F79EFBC}") = "Log4NetPOC.BusinessLogics", "Log4NetPOC.BusinessLogics\Log4NetPOC.BusinessLogics.csproj", "{DED826DB-05FE-4640-82DD-793F97F0A4A5}"
EndProject
Global
	GlobalSection(SolutionConfigurationPlatforms) = preSolution
		Debug|Any CPU = Debug|Any CPU
		Release|Any CPU = Release|Any CPU
	EndGlobalSection
	GlobalSection(ProjectConfigurationPlatforms) = postSolution
		{7B507E94-85DD-4A28-AE32-7B14067BE3E8}.Debug|Any CPU.ActiveCfg = Debug|Any CPU
		{7B507E94-85DD-4A28-AE32-7B14067BE3E8}.Debug|Any CPU.Build.0 = Debug|Any CPU
		{7B507E94-85DD-4A28-AE32-7B14067BE3E8}.Release|Any CPU.ActiveCfg = Release|Any CPU
		{7B507E94-85DD-4A28-AE32-7B14067BE3E8}.Release|Any CPU.Build.0 = Release|Any CPU
		{DED826DB-05FE-4640-82DD-793F97F0A4A5}.Debug|Any CPU.ActiveCfg = Debug|Any CPU
		{DED826DB-05FE-4640-82DD-793F97F0A4A5}.Debug|Any CPU.Build.0 = Debug|Any CPU
		{DED826DB-05FE-4640-82DD-793F97F0A4A5}.Release|Any CPU.ActiveCfg = Release|Any CPU
		{DED826DB-05FE-4640-82DD-793F97F0A4A5}.Release|Any CPU.Build.0 = Release|Any CPU
	EndGlobalSection
	GlobalSection(SolutionProperties) = preSolution
		HideSolutionNode = FALSE
	EndGlobalSection
EndGlobal
